# THIS IS AN AUTOGENERATED FILE. DO NOT EDIT THIS FILE DIRECTLY.
# yarn lockfile v1


"@babel/runtime@^7.9.2":
  "integrity" "sha512-xwII0//EObnq89Ji5AKYQaRYiW/nZ3llSv29d49IuxPhKbtJoLP+9QUUZ4nVragQVtaVGeZrpB+ZtG/Pdy/POw=="
  "resolved" "https://registry.npmjs.org/@babel/runtime/-/runtime-7.21.0.tgz"
  "version" "7.21.0"
  dependencies:
    "regenerator-runtime" "^0.13.11"

"@react-dnd/asap@^5.0.1":
  "integrity" "sha512-WLyfoHvxhs0V9U+GTsGilGgf2QsPl6ZZ44fnv0/b8T3nQyvzxidxsg/ZltbWssbsRDlYW8UKSQMTGotuTotZ6A=="
  "resolved" "https://registry.npmjs.org/@react-dnd/asap/-/asap-5.0.2.tgz"
  "version" "5.0.2"

"@react-dnd/invariant@^4.0.1":
  "integrity" "sha512-xKCTqAK/FFauOM9Ta2pswIyT3D8AQlfrYdOi/toTPEhqCuAs1v5tcJ3Y08Izh1cJ5Jchwy9SeAXmMg6zrKs2iw=="
  "resolved" "https://registry.npmjs.org/@react-dnd/invariant/-/invariant-4.0.2.tgz"
  "version" "4.0.2"

"@react-dnd/shallowequal@^4.0.1":
  "integrity" "sha512-/RVXdLvJxLg4QKvMoM5WlwNR9ViO9z8B/qPcc+C0Sa/teJY7QG7kJ441DwzOjMYEY7GmU4dj5EcGHIkKZiQZCA=="
  "resolved" "https://registry.npmjs.org/@react-dnd/shallowequal/-/shallowequal-4.0.2.tgz"
  "version" "4.0.2"

"@types/asap@^2.0.0":
  "integrity" "sha512-upIS0Gt9Mc8eEpCbYMZ1K8rhNosfKUtimNcINce+zLwJF5UpM3Vv7yz3S5l/1IX+DxTa8lTkUjqynvjRXyJzsg=="
  "resolved" "https://registry.npmjs.org/@types/asap/-/asap-2.0.0.tgz"
  "version" "2.0.0"

"@types/hoist-non-react-statics@^3.3.1", "@types/hoist-non-react-statics@>= 3.3.1":
  "integrity" "sha512-iMIqiko6ooLrTh1joXodJK5X9xeEALT1kM5G3ZLhD3hszxBdIEd5C75U834D9mLcINgD4OyZf5uQXjkuYydWvA=="
  "resolved" "https://registry.npmjs.org/@types/hoist-non-react-statics/-/hoist-non-react-statics-3.3.1.tgz"
  "version" "3.3.1"
  dependencies:
    "@types/react" "*"
    "hoist-non-react-statics" "^3.3.0"

"@types/invariant@^2.2.29":
  "integrity" "sha512-DxX1V9P8zdJPYQat1gHyY0xj3efl8gnMVjiM9iCY6y27lj+PoQWkgjt8jDqmovPqULkKVpKRg8J36iQiA+EtEg=="
  "resolved" "https://registry.npmjs.org/@types/invariant/-/invariant-2.2.35.tgz"
  "version" "2.2.35"

"@types/prop-types@*":
  "integrity" "sha512-JCB8C6SnDoQf0cNycqd/35A7MjcnK+ZTqE7judS6o7utxUCg6imJg3QK2qzHKszlTjcj2cn+NwMB2i96ubpj7w=="
  "resolved" "https://registry.npmjs.org/@types/prop-types/-/prop-types-15.7.5.tgz"
  "version" "15.7.5"

"@types/react@*", "@types/react@>= 16":
  "integrity" "sha512-RD0ivG1kEztNBdoAK7lekI9M+azSnitIn85h4iOiaLjaTrMjzslhaqCGaI4IyCJ1RljWiLCEu4jyrLLgqxBTew=="
  "resolved" "https://registry.npmjs.org/@types/react/-/react-18.0.28.tgz"
  "version" "18.0.28"
  dependencies:
    "@types/prop-types" "*"
    "@types/scheduler" "*"
    "csstype" "^3.0.2"

"@types/scheduler@*":
  "integrity" "sha512-hppQEBDmlwhFAXKJX2KnWLYu5yMfi91yazPb2l+lbJiwW+wdo1gNeRA+3RgNSO39WYX2euey41KEwnqesU2Jew=="
  "resolved" "https://registry.npmjs.org/@types/scheduler/-/scheduler-0.16.2.tgz"
  "version" "0.16.2"

"@types/shallowequal@^1.1.1":
  "integrity" "sha512-Lhni3aX80zbpdxRuWhnuYPm8j8UQaa571lHP/xI4W+7BAFhSIhRReXnqjEgT/XzPoXZTJkCqstFMJ8CZTK6IlQ=="
  "resolved" "https://registry.npmjs.org/@types/shallowequal/-/shallowequal-1.1.1.tgz"
  "version" "1.1.1"

"asap@^2.0.6":
  "integrity" "sha512-BSHWgDSAiKs50o2Re8ppvp3seVHXSRM44cdSsT9FfNEUUZLOGWVCsiWaRPWM1Znn+mqZ1OfVZ3z3DWEzSp7hRA=="
  "resolved" "https://registry.npmjs.org/asap/-/asap-2.0.6.tgz"
  "version" "2.0.6"

"autobind-decorator@^2.1.0":
  "integrity" "sha512-OGYhWUO72V6DafbF8PM8rm3EPbfuyMZcJhtm5/n26IDwO18pohE4eNazLoCGhPiXOCD0gEGmrbU3849QvM8bbw=="
  "resolved" "https://registry.npmjs.org/autobind-decorator/-/autobind-decorator-2.4.0.tgz"
  "version" "2.4.0"

"chess.js@^1.0.0-beta.3":
  "integrity" "sha512-zu8QVvP0BmMzrstlsrXL2LxdHfAkrtyNftVRaJXGI5mn2ZSsgTJujvZx5BVJsPMwBkRZ+omCdZkVyVLBlKn2HA=="
  "resolved" "https://registry.npmjs.org/chess.js/-/chess.js-1.0.0-beta.3.tgz"
  "version" "1.0.0-beta.3"

"chessboardjs@^0.0.1":
  "integrity" "sha512-VK8mGqWQ4fk3rKre5T17F9yIxJRP/L+oS29zXL0nuhQfY3rAoKcdyPZziR2S7AfNhqPL45VmdhdspcAFR9CXww=="
  "resolved" "https://registry.npmjs.org/chessboardjs/-/chessboardjs-0.0.1.tgz"
  "version" "0.0.1"

"chessboardjsx@^2.4.7":
  "integrity" "sha512-cJN06EWkrRPSQhOFEbw16zL5D9N6jYs29N2gG0IzSDhDpzWyHaTfUcLq/7e0moZ5Pr7m7vbhEyKuw8/lV22YOA=="
  "resolved" "https://registry.npmjs.org/chessboardjsx/-/chessboardjsx-2.4.7.tgz"
  "version" "2.4.7"
  dependencies:
    "deep-diff" "1.0.1"
    "lodash.isequal" "4.5.0"
    "react-dnd" "2.6.0"
    "react-dnd-html5-backend" "4.0.5"
    "react-dnd-multi-backend" "3.1.2"

"csstype@^3.0.2":
  "integrity" "sha512-DJR/VvkAvSZW9bTouZue2sSxDwdTN92uHjqeKVm+0dAqdfNykRzQ95tay8aXMBAAPpUiq4Qcug2L7neoRh2Egw=="
  "resolved" "https://registry.npmjs.org/csstype/-/csstype-3.1.1.tgz"
  "version" "3.1.1"

"deep-diff@1.0.1":
  "integrity" "sha512-Vkn+eQK6H63gObVi3KWmPMb4RdzMpfdp5t0HNppq8Oc7xbwmvBy5BIHsEYSXOiS9Lr/W+3lF020zyPTsGfea4g=="
  "resolved" "https://registry.npmjs.org/deep-diff/-/deep-diff-1.0.1.tgz"
  "version" "1.0.1"

"disposables@^1.0.1":
  "integrity" "sha512-q1XTvs/XGdfubRSemB2+QRhJjIX4PerKkSom+i8Nkw3hCv6xISNrgaN442n2BunyBI4x77Om4ZAzSlqmhM9pwA=="
  "resolved" "https://registry.npmjs.org/disposables/-/disposables-1.0.2.tgz"
  "version" "1.0.2"

"dnd-core@^16.0.1":
  "integrity" "sha512-HK294sl7tbw6F6IeuK16YSBUoorvHpY8RHO+9yFfaJyCDVb6n7PRcezrOEOa2SBCqiYpemh5Jx20ZcjKdFAVng=="
  "resolved" "https://registry.npmjs.org/dnd-core/-/dnd-core-16.0.1.tgz"
  "version" "16.0.1"
  dependencies:
    "@react-dnd/asap" "^5.0.1"
    "@react-dnd/invariant" "^4.0.1"
    "redux" "^4.2.0"

"dnd-core@^2.6.0":
  "integrity" "sha512-5BfQHIp0XVd4ioF0q4GyUeHQQNCbqP+0SnUiP9TssoQ50wrP1NgSzDqZkjD5pFngsVz9txGin6rvTQD7w0qC3w=="
  "resolved" "https://registry.npmjs.org/dnd-core/-/dnd-core-2.6.0.tgz"
  "version" "2.6.0"
  dependencies:
    "asap" "^2.0.6"
    "invariant" "^2.0.0"
    "lodash" "^4.2.0"
    "redux" "^3.7.1"

"dnd-core@^4.0.5":
  "integrity" "sha512-GSyGmfGom9oyTFJ4Ll/95Dn3ZDvPkrgINwfeOd+gTI0RGIN1TcTGChrHnIHF3A3e1PymyEKZg+3ouN3w2uIJGQ=="
  "resolved" "https://registry.npmjs.org/dnd-core/-/dnd-core-4.0.5.tgz"
  "version" "4.0.5"
  dependencies:
    "asap" "^2.0.6"
    "invariant" "^2.2.4"
    "lodash" "^4.17.10"
    "redux" "^4.0.0"

"dnd-core@^8.0.3":
  "integrity" "sha512-jffgwAMsv5g6TRDmvjBW0EUntVXO8+X184zBRFnOmCfhFU8EV7/Aq+wPpJCeRAMge8fMYJGrjlm1xeH0wMrHYQ=="
  "resolved" "https://registry.npmjs.org/dnd-core/-/dnd-core-8.0.3.tgz"
  "version" "8.0.3"
  dependencies:
    "@types/asap" "^2.0.0"
    "@types/invariant" "^2.2.29"
    "asap" "^2.0.6"
    "invariant" "^2.2.4"
    "redux" "^4.0.1"

"dnd-multi-backend@^3.1.0":
  "integrity" "sha512-A783JbrONpeufxX+jDMHOxR2AWh+gFv5Z/lLpDB3vdON6t0bb2fHSh8fKH2h8gOLRAJGD08m9xYXAJIWreTI5A=="
  "resolved" "https://registry.npmjs.org/dnd-multi-backend/-/dnd-multi-backend-3.2.1.tgz"
  "version" "3.2.1"

"esbuild-linux-64@0.14.39":
  "integrity" "sha512-4tcgFDYWdI+UbNMGlua9u1Zhu0N5R6u9tl5WOM8aVnNX143JZoBZLpCuUr5lCKhnD0SCO+5gUyMfupGrHtfggQ=="
  "resolved" "https://registry.npmjs.org/esbuild-linux-64/-/esbuild-linux-64-0.14.39.tgz"
  "version" "0.14.39"

"esbuild@^0.14.27":
  "integrity" "sha512-2kKujuzvRWYtwvNjYDY444LQIA3TyJhJIX3Yo4+qkFlDDtGlSicWgeHVJqMUP/2sSfH10PGwfsj+O2ro1m10xQ=="
  "resolved" "https://registry.npmjs.org/esbuild/-/esbuild-0.14.39.tgz"
  "version" "0.14.39"
  optionalDependencies:
    "esbuild-android-64" "0.14.39"
    "esbuild-android-arm64" "0.14.39"
    "esbuild-darwin-64" "0.14.39"
    "esbuild-darwin-arm64" "0.14.39"
    "esbuild-freebsd-64" "0.14.39"
    "esbuild-freebsd-arm64" "0.14.39"
    "esbuild-linux-32" "0.14.39"
    "esbuild-linux-64" "0.14.39"
    "esbuild-linux-arm" "0.14.39"
    "esbuild-linux-arm64" "0.14.39"
    "esbuild-linux-mips64le" "0.14.39"
    "esbuild-linux-ppc64le" "0.14.39"
    "esbuild-linux-riscv64" "0.14.39"
    "esbuild-linux-s390x" "0.14.39"
    "esbuild-netbsd-64" "0.14.39"
    "esbuild-openbsd-64" "0.14.39"
    "esbuild-sunos-64" "0.14.39"
    "esbuild-windows-32" "0.14.39"
    "esbuild-windows-64" "0.14.39"
    "esbuild-windows-arm64" "0.14.39"

"fast-deep-equal@^3.1.3":
  "integrity" "sha512-f3qQ9oQy9j2AhBe/H9VC91wLmKBCCU/gDOnKNAYG5hswO7BLKj09Hc5HYNz9cGI++xlpDCIgDaitVs03ATR84Q=="
  "resolved" "https://registry.npmjs.org/fast-deep-equal/-/fast-deep-equal-3.1.3.tgz"
  "version" "3.1.3"

"function-bind@^1.1.1":
  "integrity" "sha512-yIovAzMX49sF8Yl58fSCWJ5svSLuaibPxXQJFLmBObTuCr0Mf1KiPopGM9NiFjiYBCbfaa2Fh6breQ6ANVTI0A=="
  "resolved" "https://registry.npmjs.org/function-bind/-/function-bind-1.1.1.tgz"
  "version" "1.1.1"

"has@^1.0.3":
  "integrity" "sha512-f2dvO0VU6Oej7RkWJGrehjbzMAjFp5/VKPp5tTpWIV4JHHZK1/BxbFRtf/siA2SWTe09caDmVtYYzWEIbBS4zw=="
  "resolved" "https://registry.npmjs.org/has/-/has-1.0.3.tgz"
  "version" "1.0.3"
  dependencies:
    "function-bind" "^1.1.1"

"hoist-non-react-statics@^2.1.0":
  "integrity" "sha512-rqcy4pJo55FTTLWt+bU8ukscqHeE/e9KWvsOW2b/a3afxQZhwkQdT1rPPCJ0rYXdj4vNcasY8zHTH+jF/qStxw=="
  "resolved" "https://registry.npmjs.org/hoist-non-react-statics/-/hoist-non-react-statics-2.5.5.tgz"
  "version" "2.5.5"

"hoist-non-react-statics@^3.3.0", "hoist-non-react-statics@^3.3.2":
  "integrity" "sha512-/gGivxi8JPKWNm/W0jSmzcMPpfpPLc3dY/6GxhX2hQ9iGj3aDfklV4ET7NjKpSinLpJ5vafa9iiGIEZg10SfBw=="
  "resolved" "https://registry.npmjs.org/hoist-non-react-statics/-/hoist-non-react-statics-3.3.2.tgz"
  "version" "3.3.2"
  dependencies:
    "react-is" "^16.7.0"

"invariant@^2.0.0", "invariant@^2.1.0", "invariant@^2.2.2", "invariant@^2.2.4":
  "integrity" "sha512-phJfQVBuaJM5raOpJjSfkiD6BpbCE4Ns//LaXl6wGYtUBY83nWS6Rf9tXm2e8VaK60JEjYldbPif/A2B1C2gNA=="
  "resolved" "https://registry.npmjs.org/invariant/-/invariant-2.2.4.tgz"
  "version" "2.2.4"
  dependencies:
    "loose-envify" "^1.0.0"

"is-core-module@^2.8.1":
  "integrity" "sha512-+5FPy5PnwmO3lvfMb0AsoPaBG+5KHUI0wYFXOtYPnVVVspTFUuMZNfNaNVRt3FZadstu2c8x23vykRW/NBoU6A=="
  "resolved" "https://registry.npmjs.org/is-core-module/-/is-core-module-2.9.0.tgz"
  "version" "2.9.0"
  dependencies:
    "has" "^1.0.3"

"js-tokens@^3.0.0 || ^4.0.0":
  "integrity" "sha512-RdJUflcE3cUzKiMqQgsCu06FPu9UdIJO0beYbPhHN4k6apgJtifcoCtT9bcxOpYBtpD2kCM6Sbzg4CausW/PKQ=="
  "resolved" "https://registry.npmjs.org/js-tokens/-/js-tokens-4.0.0.tgz"
  "version" "4.0.0"

"lodash-es@^4.2.1":
  "integrity" "sha512-mKnC+QJ9pWVzv+C4/U3rRsHapFfHvQFoFB92e52xeyGMcX6/OlIl78je1u8vePzYZSkkogMPJ2yjxxsb89cxyw=="
  "resolved" "https://registry.npmjs.org/lodash-es/-/lodash-es-4.17.21.tgz"
  "version" "4.17.21"

"lodash.isequal@4.5.0":
  "integrity" "sha512-pDo3lu8Jhfjqls6GkMgpahsF9kCyayhgykjyLMNFTKWrpVdAQtYyB4muAMWozBB4ig/dtWAmsMxLEI8wuz+DYQ=="
  "resolved" "https://registry.npmjs.org/lodash.isequal/-/lodash.isequal-4.5.0.tgz"
  "version" "4.5.0"

"lodash@^4.17.10", "lodash@^4.2.0", "lodash@^4.2.1":
  "integrity" "sha512-v2kDEe57lecTulaDIuNTPy3Ry4gLGJ6Z1O3vE1krgXZNrsQ+LFTGHVxVjcXPs17LhbZVGedAJv8XZ1tvj5FvSg=="
  "resolved" "https://registry.npmjs.org/lodash/-/lodash-4.17.21.tgz"
  "version" "4.17.21"

"loose-envify@^1.0.0", "loose-envify@^1.1.0", "loose-envify@^1.4.0":
  "integrity" "sha512-lyuxPGr/Wfhrlem2CL/UcnUc1zcqKAImBDzukY7Y5F/yQiNdko6+fRLevlw1HgMySw7f611UIY408EtxRSoK3Q=="
  "resolved" "https://registry.npmjs.org/loose-envify/-/loose-envify-1.4.0.tgz"
  "version" "1.4.0"
  dependencies:
    "js-tokens" "^3.0.0 || ^4.0.0"

"nanoid@^3.3.3":
  "integrity" "sha512-MqBkQh/OHTS2egovRtLk45wEyNXwF+cokD+1YPf9u5VfJiRdAiRwB2froX5Co9Rh20xs4siNPm8naNotSD6RBw=="
  "resolved" "https://registry.npmjs.org/nanoid/-/nanoid-3.3.4.tgz"
  "version" "3.3.4"

"object-assign@^4.1.1":
  "integrity" "sha512-rJgTQnkUnH1sFw8yT6VSU3zD3sWmu6sZhIseY8VX+GRu3P6F7Fu+JNDoXfklElbLJSnc3FUQHVe4cU5hj+BcUg=="
  "resolved" "https://registry.npmjs.org/object-assign/-/object-assign-4.1.1.tgz"
  "version" "4.1.1"

"path-parse@^1.0.7":
  "integrity" "sha512-LDJzPVEEEPR+y48z93A0Ed0yXb8pAByGWo/k5YYdYgpY2/2EsOsksJrq7lOHxryrVOn1ejG6oAp8ahvOIQD8sw=="
  "resolved" "https://registry.npmjs.org/path-parse/-/path-parse-1.0.7.tgz"
  "version" "1.0.7"

"picocolors@^1.0.0":
  "integrity" "sha512-1fygroTLlHu66zi26VoTDv8yRgm0Fccecssto+MhsZ0D/DGW2sm8E8AjW7NU5VVTRt5GxbeZ5qBuJr+HyLYkjQ=="
  "resolved" "https://registry.npmjs.org/picocolors/-/picocolors-1.0.0.tgz"
  "version" "1.0.0"

"postcss@^8.4.13":
  "integrity" "sha512-jtL6eTBrza5MPzy8oJLFuUscHDXTV5KcLlqAWHl5q5WYRfnNRGSmOZmOZ1T6Gy7A99mOZfqungmZMpMmCVJ8ZA=="
  "resolved" "https://registry.npmjs.org/postcss/-/postcss-8.4.13.tgz"
  "version" "8.4.13"
  dependencies:
    "nanoid" "^3.3.3"
    "picocolors" "^1.0.0"
    "source-map-js" "^1.0.2"

"prop-types@^15.5.10", "prop-types@^15.5.8", "prop-types@^15.6.2":
  "integrity" "sha512-oj87CgZICdulUohogVAR7AjlC0327U4el4L6eAvOqCeudMDVU0NThNaV+b9Df4dXgSP1gXMTnPdhfe/2qDH5cg=="
  "resolved" "https://registry.npmjs.org/prop-types/-/prop-types-15.8.1.tgz"
  "version" "15.8.1"
  dependencies:
    "loose-envify" "^1.4.0"
    "object-assign" "^4.1.1"
    "react-is" "^16.13.1"

"react-chessboard@^2.1.0":
  "integrity" "sha512-XKMcXvHJ/zsGJCdPetrS2Iq+ZV6rSnHanTCABtk012A5jVejXM/TfM9koFbL1NSzT5j+AYnBRUArxjm6ZYj92w=="
  "resolved" "https://registry.npmjs.org/react-chessboard/-/react-chessboard-2.1.0.tgz"
  "version" "2.1.0"
  dependencies:
    "react-dnd" "^16.0.1"
    "react-dnd-html5-backend" "^16.0.1"
    "react-dnd-touch-backend" "^16.0.1"

"react-dnd-html5-backend@*", "react-dnd-html5-backend@^16.0.1":
  "integrity" "sha512-Wu3dw5aDJmOGw8WjH1I1/yTH+vlXEL4vmjk5p+MHxP8HuHJS1lAGeIdG/hze1AvNeXWo/JgULV87LyQOr+r5jw=="
  "resolved" "https://registry.npmjs.org/react-dnd-html5-backend/-/react-dnd-html5-backend-16.0.1.tgz"
  "version" "16.0.1"
  dependencies:
    "dnd-core" "^16.0.1"

"react-dnd-html5-backend@4.0.5":
  "integrity" "sha512-hv35GxAJcmDIJkqmBJWdYoDOMQnyiLSO+4pEIXei97zohZFItW650aaHq0HUCHIKfwroWtgUlp65B5kjS/gv9Q=="
  "resolved" "https://registry.npmjs.org/react-dnd-html5-backend/-/react-dnd-html5-backend-4.0.5.tgz"
  "version" "4.0.5"
  dependencies:
    "autobind-decorator" "^2.1.0"
    "dnd-core" "^4.0.5"
    "lodash" "^4.17.10"
    "shallowequal" "^1.0.2"

"react-dnd-multi-backend@3.1.2":
  "integrity" "sha512-6dzxVcK6T7WEHP9Q/IDVZkp3S7yVPg+6kzC3XzWDCcrJLyfTnlrz3G9KWGy52gdXxVVqBKS295LUbE9E79CnIw=="
  "resolved" "https://registry.npmjs.org/react-dnd-multi-backend/-/react-dnd-multi-backend-3.1.2.tgz"
  "version" "3.1.2"
  dependencies:
    "dnd-multi-backend" "^3.1.0"
    "prop-types" "^15.5.8"
    "react" "*"
    "react-dnd-html5-backend" "*"
    "react-dnd-preview" "^3.0.7"
    "react-dnd-touch-backend" "^0.3.13"

"react-dnd-preview@^3.0.7":
  "integrity" "sha512-IuuU9X4cX7b0xahnbOcj+Ec2VGBlPJHogZXUCtfp/JfVdvoW8M1M/jA8rx28BlIJ7BAc0YY24TxHk5Rm4faExQ=="
  "resolved" "https://registry.npmjs.org/react-dnd-preview/-/react-dnd-preview-3.2.2.tgz"
  "version" "3.2.2"
  dependencies:
    "prop-types" "^15.6.2"

"react-dnd-touch-backend@^0.3.13":
  "integrity" "sha512-ZFnk+NbllEVKE2Puq8411+SZe2UFgfFPlz7EfFBhfZHsSx+rjRhX0JnMtqZWlGL5uDXl5uELzOsFXloi/sGKNw=="
  "resolved" "https://registry.npmjs.org/react-dnd-touch-backend/-/react-dnd-touch-backend-0.3.21.tgz"
  "version" "0.3.21"
  dependencies:
    "invariant" "^2.2.2"
    "react-dnd" "^2.5.4"

"react-dnd-touch-backend@^16.0.1":
  "integrity" "sha512-NonoCABzzjyWGZuDxSG77dbgMZ2Wad7eQiCd/ECtsR2/NBLTjGksPUx9UPezZ1nQ/L7iD130Tz3RUshL/ClKLA=="
  "resolved" "https://registry.npmjs.org/react-dnd-touch-backend/-/react-dnd-touch-backend-16.0.1.tgz"
  "version" "16.0.1"
  dependencies:
    "@react-dnd/invariant" "^4.0.1"
    "dnd-core" "^16.0.1"

"react-dnd@^16.0.1":
  "integrity" "sha512-QeoM/i73HHu2XF9aKksIUuamHPDvRglEwdHL4jsp784BgUuWcg6mzfxT0QDdQz8Wj0qyRKx2eMg8iZtWvU4E2Q=="
  "resolved" "https://registry.npmjs.org/react-dnd/-/react-dnd-16.0.1.tgz"
  "version" "16.0.1"
  dependencies:
    "@react-dnd/invariant" "^4.0.1"
    "@react-dnd/shallowequal" "^4.0.1"
    "dnd-core" "^16.0.1"
    "fast-deep-equal" "^3.1.3"
    "hoist-non-react-statics" "^3.3.2"

"react-dnd@^2.5.4":
  "integrity" "sha512-2KHNpeg2SyaxXYq+xO1TM+tOtN9hViI41otJuiYiu6DRYGw+WMvDFDMP4aw7zIKRRm1xd0gizXuKWhb8iJYHBw=="
  "resolved" "https://registry.npmjs.org/react-dnd/-/react-dnd-2.6.0.tgz"
  "version" "2.6.0"
  dependencies:
    "disposables" "^1.0.1"
    "dnd-core" "^2.6.0"
    "hoist-non-react-statics" "^2.1.0"
    "invariant" "^2.1.0"
    "lodash" "^4.2.0"
    "prop-types" "^15.5.10"

"react-dnd@< 9.0.0":
  "integrity" "sha512-wsdpZLJj8XqEl04GE1fd45/eNB+cZWEx0ZQC7PgrQ/URD2BfbwyQ5RiT23Cl/BPKJBUkTh1FltZ88LTUd7yGeg=="
  "resolved" "https://registry.npmjs.org/react-dnd/-/react-dnd-8.0.3.tgz"
  "version" "8.0.3"
  dependencies:
    "@types/hoist-non-react-statics" "^3.3.1"
    "@types/shallowequal" "^1.1.1"
    "dnd-core" "^8.0.3"
    "hoist-non-react-statics" "^3.3.0"
    "shallowequal" "^1.1.0"

"react-dnd@2.6.0":
  "integrity" "sha512-2KHNpeg2SyaxXYq+xO1TM+tOtN9hViI41otJuiYiu6DRYGw+WMvDFDMP4aw7zIKRRm1xd0gizXuKWhb8iJYHBw=="
  "resolved" "https://registry.npmjs.org/react-dnd/-/react-dnd-2.6.0.tgz"
  "version" "2.6.0"
  dependencies:
    "disposables" "^1.0.1"
    "dnd-core" "^2.6.0"
    "hoist-non-react-statics" "^2.1.0"
    "invariant" "^2.1.0"
    "lodash" "^4.2.0"
    "prop-types" "^15.5.10"

"react-dom@>= 16.3.2", "react-dom@>= 16.8", "react-dom@>=16.14.0":
  "integrity" "sha512-6IMTriUmvsjHUjNtEDudZfuDQUoWXVxKHhlEGSk81n4YFS+r/Kl99wXiwlVXtPBtJenozv2P+hxDsw9eA7Xo6g=="
  "resolved" "https://registry.npmjs.org/react-dom/-/react-dom-18.2.0.tgz"
  "version" "18.2.0"
  dependencies:
    "loose-envify" "^1.1.0"
    "scheduler" "^0.23.0"

"react-is@^16.13.1", "react-is@^16.7.0":
  "integrity" "sha512-24e6ynE2H+OKt4kqsOvNd8kBpV65zoxbA4BVsEOB3ARVWQki/DHzaUoC5KuON/BiccDaCCTZBuOcfZs70kR8bQ=="
  "resolved" "https://registry.npmjs.org/react-is/-/react-is-16.13.1.tgz"
  "version" "16.13.1"

"react@*", "react@^18.2.0", "react@>= 16.14", "react@>= 16.3", "react@>= 16.3.2", "react@>= 16.8", "react@>=16.14.0":
  "integrity" "sha512-/3IjMdb2L9QbBdWiW5e3P2/npwMBaU9mHCSCUzNln0ZCYbcfTsGbTJrU/kGemdH2IWmB2ioZ+zkxtmq6g09fGQ=="
  "resolved" "https://registry.npmjs.org/react/-/react-18.2.0.tgz"
  "version" "18.2.0"
  dependencies:
    "loose-envify" "^1.1.0"

"redux@^3.7.1":
  "integrity" "sha512-pNqnf9q1hI5HHZRBkj3bAngGZW/JMCmexDlOxw4XagXY2o1327nHH54LoTjiPJ0gizoqPDRqWyX/00g0hD6w+A=="
  "resolved" "https://registry.npmjs.org/redux/-/redux-3.7.2.tgz"
  "version" "3.7.2"
  dependencies:
    "lodash" "^4.2.1"
    "lodash-es" "^4.2.1"
    "loose-envify" "^1.1.0"
    "symbol-observable" "^1.0.3"

"redux@^4.0.0":
  "integrity" "sha512-LAUYz4lc+Do8/g7aeRa8JkyDErK6ekstQaqWQrNRW//MY1TvCEpMtpTWvlQ+FPbWCx+Xixu/6SHt5N0HR+SB4w=="
  "resolved" "https://registry.npmjs.org/redux/-/redux-4.2.1.tgz"
  "version" "4.2.1"
  dependencies:
    "@babel/runtime" "^7.9.2"

"redux@^4.0.1", "redux@^4.2.0":
  "integrity" "sha512-LAUYz4lc+Do8/g7aeRa8JkyDErK6ekstQaqWQrNRW//MY1TvCEpMtpTWvlQ+FPbWCx+Xixu/6SHt5N0HR+SB4w=="
  "resolved" "https://registry.npmjs.org/redux/-/redux-4.2.1.tgz"
  "version" "4.2.1"
  dependencies:
    "@babel/runtime" "^7.9.2"

"regenerator-runtime@^0.13.11":
  "integrity" "sha512-kY1AZVr2Ra+t+piVaJ4gxaFaReZVH40AKNo7UCX6W+dEwBo/2oZJzqfuN1qLq1oL45o56cPaTXELwrTh8Fpggg=="
  "resolved" "https://registry.npmjs.org/regenerator-runtime/-/regenerator-runtime-0.13.11.tgz"
  "version" "0.13.11"

"resolve@^1.22.0":
  "integrity" "sha512-Hhtrw0nLeSrFQ7phPp4OOcVjLPIeMnRlr5mcnVuMe7M/7eBn98A3hmFRLoFo3DLZkivSYwhRUJTyPyWAk56WLw=="
  "resolved" "https://registry.npmjs.org/resolve/-/resolve-1.22.0.tgz"
  "version" "1.22.0"
  dependencies:
    "is-core-module" "^2.8.1"
    "path-parse" "^1.0.7"
    "supports-preserve-symlinks-flag" "^1.0.0"

"rollup@^2.59.0":
  "integrity" "sha512-h/UngC3S4Zt28mB3g0+2YCMegT5yoftnQplwzPqGZcKvlld5e+kT/QRmJiL+qxGyZKOYpgirWGdLyEO1b0dpLQ=="
  "resolved" "https://registry.npmjs.org/rollup/-/rollup-2.73.0.tgz"
  "version" "2.73.0"
  optionalDependencies:
    "fsevents" "~2.3.2"

"scheduler@^0.23.0":
  "integrity" "sha512-CtuThmgHNg7zIZWAXi3AsyIzA3n4xx7aNyjwC2VJldO2LMVDhFK+63xGqq6CsJH4rTAt6/M+N4GhZiDYPx9eUw=="
  "resolved" "https://registry.npmjs.org/scheduler/-/scheduler-0.23.0.tgz"
  "version" "0.23.0"
  dependencies:
    "loose-envify" "^1.1.0"

"shallowequal@^1.0.2", "shallowequal@^1.1.0":
  "integrity" "sha512-y0m1JoUZSlPAjXVtPPW70aZWfIL/dSP7AFkRnniLCrK/8MDKog3TySTBmckD+RObVxH0v4Tox67+F14PdED2oQ=="
  "resolved" "https://registry.npmjs.org/shallowequal/-/shallowequal-1.1.0.tgz"
  "version" "1.1.0"

"source-map-js@^1.0.2":
  "integrity" "sha512-R0XvVJ9WusLiqTCEiGCmICCMplcCkIwwR11mOSD9CR5u+IXYdiseeEuXCVAjS54zqwkLcPNnmU4OeJ6tUrWhDw=="
  "resolved" "https://registry.npmjs.org/source-map-js/-/source-map-js-1.0.2.tgz"
  "version" "1.0.2"

"supports-preserve-symlinks-flag@^1.0.0":
  "integrity" "sha512-ot0WnXS9fgdkgIcePe6RHNk1WA8+muPa6cSjeR3V8K27q9BB1rTE3R1p7Hv0z1ZyAc8s6Vvv8DIyWf681MAt0w=="
  "resolved" "https://registry.npmjs.org/supports-preserve-symlinks-flag/-/supports-preserve-symlinks-flag-1.0.0.tgz"
  "version" "1.0.0"

"symbol-observable@^1.0.3":
  "integrity" "sha512-e900nM8RRtGhlV36KGEU9k65K3mPb1WV70OdjfxlG2EAuM1noi/E/BaW/uMhL7bPEssK8QV57vN3esixjUvcXQ=="
  "resolved" "https://registry.npmjs.org/symbol-observable/-/symbol-observable-1.2.0.tgz"
  "version" "1.2.0"

"vim-wasm@^0.0.13":
  "integrity" "sha512-2EkJ4OfMgvA/bURJeu43wqIQ4tpCJymst++Y4R/AKuQlnrvdI4hTpG2jf0yL5TrLt1ui12leLRghrwPOybyu8w=="
  "resolved" "https://registry.npmjs.org/vim-wasm/-/vim-wasm-0.0.13.tgz"
  "version" "0.0.13"

"vite@^2.9.9":
  "integrity" "sha512-ffaam+NgHfbEmfw/Vuh6BHKKlI/XIAhxE5QSS7gFLIngxg171mg1P3a4LSRME0z2ZU1ScxoKzphkipcYwSD5Ew=="
  "resolved" "https://registry.npmjs.org/vite/-/vite-2.9.9.tgz"
  "version" "2.9.9"
  dependencies:
    "esbuild" "^0.14.27"
    "postcss" "^8.4.13"
    "resolve" "^1.22.0"
    "rollup" "^2.59.0"
  optionalDependencies:
    "fsevents" "~2.3.2"
